
Microsoft Visual Studio Solution File, Format Version 12.00
# Visual Studio 14
VisualStudioVersion = 14.0.23107.0
MinimumVisualStudioVersion = 10.0.40219.1
Project("{FAE04EC0-301F-11D3-BF4B-00C04F79EFBC}") = "Polydactyl.Engine", "Polydactyl.Engine\Polydactyl.Engine.csproj", "{A14884F5-D742-4288-BFA2-9E1F8F3265E6}"
EndProject
Project("{2150E333-8FDC-42A3-9474-1A3956D46DE8}") = "Shared Resources", "Shared Resources", "{CCCB02CA-41B0-4C2B-B685-7066EF523FA2}"
	ProjectSection(SolutionItems) = preProject
		SharedAssemblyInfo.cs = SharedAssemblyInfo.cs
	EndProjectSection
EndProject
Project("{FAE04EC0-301F-11D3-BF4B-00C04F79EFBC}") = "Polydactyl.Ui.Console", "Polydactyl.Ui.Console\Polydactyl.Ui.Console.csproj", "{F1DBD2E0-E484-4982-BD79-74AC0FDDA90D}"
EndProject
Global
	GlobalSection(SolutionConfigurationPlatforms) = preSolution
		Debug|Any CPU = Debug|Any CPU
		Release|Any CPU = Release|Any CPU
	EndGlobalSection
	GlobalSection(ProjectConfigurationPlatforms) = postSolution
		{A14884F5-D742-4288-BFA2-9E1F8F3265E6}.Debug|Any CPU.ActiveCfg = Debug|Any CPU
		{A14884F5-D742-4288-BFA2-9E1F8F3265E6}.Debug|Any CPU.Build.0 = Debug|Any CPU
		{A14884F5-D742-4288-BFA2-9E1F8F3265E6}.Release|Any CPU.ActiveCfg = Release|Any CPU
		{A14884F5-D742-4288-BFA2-9E1F8F3265E6}.Release|Any CPU.Build.0 = Release|Any CPU
		{F1DBD2E0-E484-4982-BD79-74AC0FDDA90D}.Debug|Any CPU.ActiveCfg = Debug|Any CPU
		{F1DBD2E0-E484-4982-BD79-74AC0FDDA90D}.Debug|Any CPU.Build.0 = Debug|Any CPU
		{F1DBD2E0-E484-4982-BD79-74AC0FDDA90D}.Release|Any CPU.ActiveCfg = Release|Any CPU
		{F1DBD2E0-E484-4982-BD79-74AC0FDDA90D}.Release|Any CPU.Build.0 = Release|Any CPU
	EndGlobalSection
	GlobalSection(SolutionProperties) = preSolution
		HideSolutionNode = FALSE
	EndGlobalSection
EndGlobal
